
Microsoft Visual Studio Solution File, Format Version 12.00
# Visual Studio Version 17
VisualStudioVersion = 17.0.31903.59
MinimumVisualStudioVersion = 10.0.40219.1
Project("{FAE04EC0-301F-11D3-BF4B-00C04F79EFBC}") = "Thaivia.Core", "Thaivia.Core.csproj", "{2123E331-110A-489A-B848-A8AE8A807AFD}"
EndProject
Project("{FAE04EC0-301F-11D3-BF4B-00C04F79EFBC}") = "Thaivia.Core.Tests", "Thaivia.Core.Tests\Thaivia.Core.Tests.csproj", "{7993476B-3589-4387-A1EF-C03A8BFFDE50}"
EndProject
Global
	GlobalSection(SolutionConfigurationPlatforms) = preSolution
		Debug|Any CPU = Debug|Any CPU
		Release|Any CPU = Release|Any CPU
	EndGlobalSection
	GlobalSection(SolutionProperties) = preSolution
		HideSolutionNode = FALSE
	EndGlobalSection
	GlobalSection(ProjectConfigurationPlatforms) = postSolution
		{2123E331-110A-489A-B848-A8AE8A807AFD}.Debug|Any CPU.ActiveCfg = Debug|Any CPU
		{2123E331-110A-489A-B848-A8AE8A807AFD}.Debug|Any CPU.Build.0 = Debug|Any CPU
		{2123E331-110A-489A-B848-A8AE8A807AFD}.Release|Any CPU.ActiveCfg = Release|Any CPU
		{2123E331-110A-489A-B848-A8AE8A807AFD}.Release|Any CPU.Build.0 = Release|Any CPU
		{7993476B-3589-4387-A1EF-C03A8BFFDE50}.Debug|Any CPU.ActiveCfg = Debug|Any CPU
		{7993476B-3589-4387-A1EF-C03A8BFFDE50}.Debug|Any CPU.Build.0 = Debug|Any CPU
		{7993476B-3589-4387-A1EF-C03A8BFFDE50}.Release|Any CPU.ActiveCfg = Release|Any CPU
		{7993476B-3589-4387-A1EF-C03A8BFFDE50}.Release|Any CPU.Build.0 = Release|Any CPU
	EndGlobalSection
EndGlobal
